// !$*UTF8*$!
{
	archiveVersion = 1;
	classes = {
	};
	objectVersion = 56;
	objects = {

/* Begin PBXBuildFile section */
		D32A1BA92A820EC000418E06 /* LocationsListView.swift in Sources */ = {isa = PBXBuildFile; fileRef = D32A1BA82A820EC000418E06 /* LocationsListView.swift */; };
		D32A1BAB2A821C1A00418E06 /* LocationPreviewView.swift in Sources */ = {isa = PBXBuildFile; fileRef = D32A1BAA2A821C1A00418E06 /* LocationPreviewView.swift */; };
		D32A1BAD2A822C3F00418E06 /* LocationMapAnnotationView.swift in Sources */ = {isa = PBXBuildFile; fileRef = D32A1BAC2A822C3F00418E06 /* LocationMapAnnotationView.swift */; };
		D34D459A2A81E40300459451 /* LocationViewModel.swift in Sources */ = {isa = PBXBuildFile; fileRef = D34D45992A81E40300459451 /* LocationViewModel.swift */; };
		D3BBF68C2A81D5FF0009E70D /* MyMapApp.swift in Sources */ = {isa = PBXBuildFile; fileRef = D3BBF68B2A81D5FF0009E70D /* MyMapApp.swift */; };
		D3BBF68E2A81D5FF0009E70D /* ContentView.swift in Sources */ = {isa = PBXBuildFile; fileRef = D3BBF68D2A81D5FF0009E70D /* ContentView.swift */; };
		D3BBF6932A81D6010009E70D /* Preview Assets.xcassets in Resources */ = {isa = PBXBuildFile; fileRef = D3BBF6922A81D6010009E70D /* Preview Assets.xcassets */; };
		D3BBF69A2A81DE790009E70D /* Assets.xcassets in Resources */ = {isa = PBXBuildFile; fileRef = D3BBF6992A81DE790009E70D /* Assets.xcassets */; };
		D3BBF6A02A81DF4D0009E70D /* Location.swift in Sources */ = {isa = PBXBuildFile; fileRef = D3BBF69F2A81DF4D0009E70D /* Location.swift */; };
		D3BBF6A32A81DF7B0009E70D /* LocationsDataService.swift in Sources */ = {isa = PBXBuildFile; fileRef = D3BBF6A22A81DF7B0009E70D /* LocationsDataService.swift */; };
		D3BBF6A52A81E0DC0009E70D /* LocationsView.swift in Sources */ = {isa = PBXBuildFile; fileRef = D3BBF6A42A81E0DC0009E70D /* LocationsView.swift */; };
/* End PBXBuildFile section */

/* Begin PBXFileReference section */
		D32A1BA82A820EC000418E06 /* LocationsListView.swift */ = {isa = PBXFileReference; lastKnownFileType = sourcecode.swift; path = LocationsListView.swift; sourceTree = "<group>"; };
		D32A1BAA2A821C1A00418E06 /* LocationPreviewView.swift */ = {isa = PBXFileReference; lastKnownFileType = sourcecode.swift; path = LocationPreviewView.swift; sourceTree = "<group>"; };
		D32A1BAC2A822C3F00418E06 /* LocationMapAnnotationView.swift */ = {isa = PBXFileReference; lastKnownFileType = sourcecode.swift; path = LocationMapAnnotationView.swift; sourceTree = "<group>"; };
		D34D45992A81E40300459451 /* LocationViewModel.swift */ = {isa = PBXFileReference; lastKnownFileType = sourcecode.swift; path = LocationViewModel.swift; sourceTree = "<group>"; };
		D3BBF6882A81D5FF0009E70D /* MyMap.app */ = {isa = PBXFileReference; explicitFileType = wrapper.application; includeInIndex = 0; path = MyMap.app; sourceTree = BUILT_PRODUCTS_DIR; };
		D3BBF68B2A81D5FF0009E70D /* MyMapApp.swift */ = {isa = PBXFileReference; lastKnownFileType = sourcecode.swift; path = MyMapApp.swift; sourceTree = "<group>"; };
		D3BBF68D2A81D5FF0009E70D /* ContentView.swift */ = {isa = PBXFileReference; lastKnownFileType = sourcecode.swift; path = ContentView.swift; sourceTree = "<group>"; };
		D3BBF6922A81D6010009E70D /* Preview Assets.xcassets */ = {isa = PBXFileReference; lastKnownFileType = folder.assetcatalog; path = "Preview Assets.xcassets"; sourceTree = "<group>"; };
		D3BBF6992A81DE790009E70D /* Assets.xcassets */ = {isa = PBXFileReference; lastKnownFileType = folder.assetcatalog; path = Assets.xcassets; sourceTree = "<group>"; };
		D3BBF69F2A81DF4D0009E70D /* Location.swift */ = {isa = PBXFileReference; lastKnownFileType = sourcecode.swift; path = Location.swift; sourceTree = "<group>"; };
		D3BBF6A22A81DF7B0009E70D /* LocationsDataService.swift */ = {isa = PBXFileReference; fileEncoding = 4; lastKnownFileType = sourcecode.swift; path = LocationsDataService.swift; sourceTree = "<group>"; };
		D3BBF6A42A81E0DC0009E70D /* LocationsView.swift */ = {isa = PBXFileReference; lastKnownFileType = sourcecode.swift; path = LocationsView.swift; sourceTree = "<group>"; };
/* End PBXFileReference section */

/* Begin PBXFrameworksBuildPhase section */
		D3BBF6852A81D5FF0009E70D /* Frameworks */ = {
			isa = PBXFrameworksBuildPhase;
			buildActionMask = 2147483647;
			files = (
			);
			runOnlyForDeploymentPostprocessing = 0;
		};
/* End PBXFrameworksBuildPhase section */

/* Begin PBXGroup section */
		D3BBF67F2A81D5FF0009E70D = {
			isa = PBXGroup;
			children = (
				D3BBF68A2A81D5FF0009E70D /* MyMap */,
				D3BBF6892A81D5FF0009E70D /* Products */,
			);
			sourceTree = "<group>";
		};
		D3BBF6892A81D5FF0009E70D /* Products */ = {
			isa = PBXGroup;
			children = (
				D3BBF6882A81D5FF0009E70D /* MyMap.app */,
			);
			name = Products;
			sourceTree = "<group>";
		};
		D3BBF68A2A81D5FF0009E70D /* MyMap */ = {
			isa = PBXGroup;
			children = (
				D3BBF68B2A81D5FF0009E70D /* MyMapApp.swift */,
				D3BBF68D2A81D5FF0009E70D /* ContentView.swift */,
				D3BBF6A12A81DF680009E70D /* DataServices */,
				D3BBF69E2A81DF350009E70D /* ViewModels */,
				D3BBF69D2A81DF2B0009E70D /* Views */,
				D3BBF69B2A81DF180009E70D /* Models */,
				D3BBF6992A81DE790009E70D /* Assets.xcassets */,
				D3BBF6912A81D6010009E70D /* Preview Content */,
			);
			path = MyMap;
			sourceTree = "<group>";
		};
		D3BBF6912A81D6010009E70D /* Preview Content */ = {
			isa = PBXGroup;
			children = (
				D3BBF6922A81D6010009E70D /* Preview Assets.xcassets */,
			);
			path = "Preview Content";
			sourceTree = "<group>";
		};
		D3BBF69B2A81DF180009E70D /* Models */ = {
			isa = PBXGroup;
			children = (
				D3BBF69F2A81DF4D0009E70D /* Location.swift */,
			);
			path = Models;
			sourceTree = "<group>";
		};
		D3BBF69D2A81DF2B0009E70D /* Views */ = {
			isa = PBXGroup;
			children = (
				D3BBF6A42A81E0DC0009E70D /* LocationsView.swift */,
				D32A1BAA2A821C1A00418E06 /* LocationPreviewView.swift */,
				D32A1BA82A820EC000418E06 /* LocationsListView.swift */,
				D32A1BAC2A822C3F00418E06 /* LocationMapAnnotationView.swift */,
			);
			path = Views;
			sourceTree = "<group>";
		};
		D3BBF69E2A81DF350009E70D /* ViewModels */ = {
			isa = PBXGroup;
			children = (
				D34D45992A81E40300459451 /* LocationViewModel.swift */,
			);
			path = ViewModels;
			sourceTree = "<group>";
		};
		D3BBF6A12A81DF680009E70D /* DataServices */ = {
			isa = PBXGroup;
			children = (
				D3BBF6A22A81DF7B0009E70D /* LocationsDataService.swift */,
			);
			path = DataServices;
			sourceTree = "<group>";
		};
/* End PBXGroup section */

/* Begin PBXNativeTarget section */
		D3BBF6872A81D5FF0009E70D /* MyMap */ = {
			isa = PBXNativeTarget;
			buildConfigurationList = D3BBF6962A81D6010009E70D /* Build configuration list for PBXNativeTarget "MyMap" */;
			buildPhases = (
				D3BBF6842A81D5FF0009E70D /* Sources */,
				D3BBF6852A81D5FF0009E70D /* Frameworks */,
				D3BBF6862A81D5FF0009E70D /* Resources */,
			);
			buildRules = (
			);
			dependencies = (
			);
			name = MyMap;
			productName = MyMap;
			productReference = D3BBF6882A81D5FF0009E70D /* MyMap.app */;
			productType = "com.apple.product-type.application";
		};
/* End PBXNativeTarget section */

/* Begin PBXProject section */
		D3BBF6802A81D5FF0009E70D /* Project object */ = {
			isa = PBXProject;
			attributes = {
				BuildIndependentTargetsInParallel = 1;
				LastSwiftUpdateCheck = 1430;
				LastUpgradeCheck = 1430;
				TargetAttributes = {
					D3BBF6872A81D5FF0009E70D = {
						CreatedOnToolsVersion = 14.3.1;
					};
				};
			};
			buildConfigurationList = D3BBF6832A81D5FF0009E70D /* Build configuration list for PBXProject "MyMap" */;
			compatibilityVersion = "Xcode 14.0";
			developmentRegion = en;
			hasScannedForEncodings = 0;
			knownRegions = (
				en,
				Base,
			);
			mainGroup = D3BBF67F2A81D5FF0009E70D;
			productRefGroup = D3BBF6892A81D5FF0009E70D /* Products */;
			projectDirPath = "";
			projectRoot = "";
			targets = (
				D3BBF6872A81D5FF0009E70D /* MyMap */,
			);
		};
/* End PBXProject section */

/* Begin PBXResourcesBuildPhase section */
		D3BBF6862A81D5FF0009E70D /* Resources */ = {
			isa = PBXResourcesBuildPhase;
			buildActionMask = 2147483647;
			files = (
				D3BBF69A2A81DE790009E70D /* Assets.xcassets in Resources */,
				D3BBF6932A81D6010009E70D /* Preview Assets.xcassets in Resources */,
			);
			runOnlyForDeploymentPostprocessing = 0;
		};
/* End PBXResourcesBuildPhase section */

/* Begin PBXSourcesBuildPhase section */
		D3BBF6842A81D5FF0009E70D /* Sources */ = {
			isa = PBXSourcesBuildPhase;
			buildActionMask = 2147483647;
			files = (
				D3BBF6A32A81DF7B0009E70D /* LocationsDataService.swift in Sources */,
				D32A1BAD2A822C3F00418E06 /* LocationMapAnnotationView.swift in Sources */,
				D32A1BA92A820EC000418E06 /* LocationsListView.swift in Sources */,
				D32A1BAB2A821C1A00418E06 /* LocationPreviewView.swift in Sources */,
				D34D459A2A81E40300459451 /* LocationViewModel.swift in Sources */,
				D3BBF68E2A81D5FF0009E70D /* ContentView.swift in Sources */,
				D3BBF6A52A81E0DC0009E70D /* LocationsView.swift in Sources */,
				D3BBF6A02A81DF4D0009E70D /* Location.swift in Sources */,
				D3BBF68C2A81D5FF0009E70D /* MyMapApp.swift in Sources */,
			);
			runOnlyForDeploymentPostprocessing = 0;
		};
/* End PBXSourcesBuildPhase section */

/* Begin XCBuildConfiguration section */
		D3BBF6942A81D6010009E70D /* Debug */ = {
			isa = XCBuildConfiguration;
			buildSettings = {
				ALWAYS_SEARCH_USER_PATHS = NO;
				CLANG_ANALYZER_NONNULL = YES;
				CLANG_ANALYZER_NUMBER_OBJECT_CONVERSION = YES_AGGRESSIVE;
				CLANG_CXX_LANGUAGE_STANDARD = "gnu++20";
				CLANG_ENABLE_MODULES = YES;
				CLANG_ENABLE_OBJC_ARC = YES;
				CLANG_ENABLE_OBJC_WEAK = YES;
				CLANG_WARN_BLOCK_CAPTURE_AUTORELEASING = YES;
				CLANG_WARN_BOOL_CONVERSION = YES;
				CLANG_WARN_COMMA = YES;
				CLANG_WARN_CONSTANT_CONVERSION = YES;
				CLANG_WARN_DEPRECATED_OBJC_IMPLEMENTATIONS = YES;
				CLANG_WARN_DIRECT_OBJC_ISA_USAGE = YES_ERROR;
				CLANG_WARN_DOCUMENTATION_COMMENTS = YES;
				CLANG_WARN_EMPTY_BODY = YES;
				CLANG_WARN_ENUM_CONVERSION = YES;
				CLANG_WARN_INFINITE_RECURSION = YES;
				CLANG_WARN_INT_CONVERSION = YES;
				CLANG_WARN_NON_LITERAL_NULL_CONVERSION = YES;
				CLANG_WARN_OBJC_IMPLICIT_RETAIN_SELF = YES;
				CLANG_WARN_OBJC_LITERAL_CONVERSION = YES;
				CLANG_WARN_OBJC_ROOT_CLASS = YES_ERROR;
				CLANG_WARN_QUOTED_INCLUDE_IN_FRAMEWORK_HEADER = YES;
				CLANG_WARN_RANGE_LOOP_ANALYSIS = YES;
				CLANG_WARN_STRICT_PROTOTYPES = YES;
				CLANG_WARN_SUSPICIOUS_MOVE = YES;
				CLANG_WARN_UNGUARDED_AVAILABILITY = YES_AGGRESSIVE;
				CLANG_WARN_UNREACHABLE_CODE = YES;
				CLANG_WARN__DUPLICATE_METHOD_MATCH = YES;
				COPY_PHASE_STRIP = NO;
				DEBUG_INFORMATION_FORMAT = dwarf;
				ENABLE_STRICT_OBJC_MSGSEND = YES;
				ENABLE_TESTABILITY = YES;
				GCC_C_LANGUAGE_STANDARD = gnu11;
				GCC_DYNAMIC_NO_PIC = NO;
				GCC_NO_COMMON_BLOCKS = YES;
				GCC_OPTIMIZATION_LEVEL = 0;
				GCC_PREPROCESSOR_DEFINITIONS = (
					"DEBUG=1",
					"$(inherited)",
				);
				GCC_WARN_64_TO_32_BIT_CONVERSION = YES;
				GCC_WARN_ABOUT_RETURN_TYPE = YES_ERROR;
				GCC_WARN_UNDECLARED_SELECTOR = YES;
				GCC_WARN_UNINITIALIZED_AUTOS = YES_AGGRESSIVE;
				GCC_WARN_UNUSED_FUNCTION = YES;
				GCC_WARN_UNUSED_VARIABLE = YES;
				IPHONEOS_DEPLOYMENT_TARGET = 16.4;
				MTL_ENABLE_DEBUG_INFO = INCLUDE_SOURCE;
				MTL_FAST_MATH = YES;
				ONLY_ACTIVE_ARCH = YES;
				SDKROOT = iphoneos;
				SWIFT_ACTIVE_COMPILATION_CONDITIONS = DEBUG;
				SWIFT_OPTIMIZATION_LEVEL = "-Onone";
			};
			name = Debug;
		};
		D3BBF6952A81D6010009E70D /* Release */ = {
			isa = XCBuildConfiguration;
			buildSettings = {
				ALWAYS_SEARCH_USER_PATHS = NO;
				CLANG_ANALYZER_NONNULL = YES;
				CLANG_ANALYZER_NUMBER_OBJECT_CONVERSION = YES_AGGRESSIVE;
				CLANG_CXX_LANGUAGE_STANDARD = "gnu++20";
				CLANG_ENABLE_MODULES = YES;
				CLANG_ENABLE_OBJC_ARC = YES;
				CLANG_ENABLE_OBJC_WEAK = YES;
				CLANG_WARN_BLOCK_CAPTURE_AUTORELEASING = YES;
				CLANG_WARN_BOOL_CONVERSION = YES;
				CLANG_WARN_COMMA = YES;
				CLANG_WARN_CONSTANT_CONVERSION = YES;
				CLANG_WARN_DEPRECATED_OBJC_IMPLEMENTATIONS = YES;
				CLANG_WARN_DIRECT_OBJC_ISA_USAGE = YES_ERROR;
				CLANG_WARN_DOCUMENTATION_COMMENTS = YES;
				CLANG_WARN_EMPTY_BODY = YES;
				CLANG_WARN_ENUM_CONVERSION = YES;
				CLANG_WARN_INFINITE_RECURSION = YES;
				CLANG_WARN_INT_CONVERSION = YES;
				CLANG_WARN_NON_LITERAL_NULL_CONVERSION = YES;
				CLANG_WARN_OBJC_IMPLICIT_RETAIN_SELF = YES;
				CLANG_WARN_OBJC_LITERAL_CONVERSION = YES;
				CLANG_WARN_OBJC_ROOT_CLASS = YES_ERROR;
				CLANG_WARN_QUOTED_INCLUDE_IN_FRAMEWORK_HEADER = YES;
				CLANG_WARN_RANGE_LOOP_ANALYSIS = YES;
				CLANG_WARN_STRICT_PROTOTYPES = YES;
				CLANG_WARN_SUSPICIOUS_MOVE = YES;
				CLANG_WARN_UNGUARDED_AVAILABILITY = YES_AGGRESSIVE;
				CLANG_WARN_UNREACHABLE_CODE = YES;
				CLANG_WARN__DUPLICATE_METHOD_MATCH = YES;
				COPY_PHASE_STRIP = NO;
				DEBUG_INFORMATION_FORMAT = "dwarf-with-dsym";
				ENABLE_NS_ASSERTIONS = NO;
				ENABLE_STRICT_OBJC_MSGSEND = YES;
				GCC_C_LANGUAGE_STANDARD = gnu11;
				GCC_NO_COMMON_BLOCKS = YES;
				GCC_WARN_64_TO_32_BIT_CONVERSION = YES;
				GCC_WARN_ABOUT_RETURN_TYPE = YES_ERROR;
				GCC_WARN_UNDECLARED_SELECTOR = YES;
				GCC_WARN_UNINITIALIZED_AUTOS = YES_AGGRESSIVE;
				GCC_WARN_UNUSED_FUNCTION = YES;
				GCC_WARN_UNUSED_VARIABLE = YES;
				IPHONEOS_DEPLOYMENT_TARGET = 16.4;
				MTL_ENABLE_DEBUG_INFO = NO;
				MTL_FAST_MATH = YES;
				SDKROOT = iphoneos;
				SWIFT_COMPILATION_MODE = wholemodule;
				SWIFT_OPTIMIZATION_LEVEL = "-O";
				VALIDATE_PRODUCT = YES;
			};
			name = Release;
		};
		D3BBF6972A81D6010009E70D /* Debug */ = {
			isa = XCBuildConfiguration;
			buildSettings = {
				ASSETCATALOG_COMPILER_APPICON_NAME = AppIcon;
				ASSETCATALOG_COMPILER_GLOBAL_ACCENT_COLOR_NAME = AccentColor;
				CODE_SIGN_STYLE = Automatic;
				CURRENT_PROJECT_VERSION = 1;
				DEVELOPMENT_ASSET_PATHS = "\"MyMap/Preview Content\"";
				DEVELOPMENT_TEAM = Z78Z73CWZJ;
				ENABLE_PREVIEWS = YES;
				GENERATE_INFOPLIST_FILE = YES;
				INFOPLIST_KEY_UIApplicationSceneManifest_Generation = YES;
				INFOPLIST_KEY_UIApplicationSupportsIndirectInputEvents = YES;
				INFOPLIST_KEY_UILaunchScreen_Generation = YES;
				INFOPLIST_KEY_UISupportedInterfaceOrientations_iPad = "UIInterfaceOrientationPortrait UIInterfaceOrientationPortraitUpsideDown UIInterfaceOrientationLandscapeLeft UIInterfaceOrientationLandscapeRight";
				INFOPLIST_KEY_UISupportedInterfaceOrientations_iPhone = "UIInterfaceOrientationPortrait UIInterfaceOrientationLandscapeLeft UIInterfaceOrientationLandscapeRight";
				LD_RUNPATH_SEARCH_PATHS = (
					"$(inherited)",
					"@executable_path/Frameworks",
				);
				MARKETING_VERSION = 1.0;
				PRODUCT_BUNDLE_IDENTIFIER = com.timchi.MyMap;
				PRODUCT_NAME = "$(TARGET_NAME)";
				SWIFT_EMIT_LOC_STRINGS = YES;
				SWIFT_VERSION = 5.0;
				TARGETED_DEVICE_FAMILY = "1,2";
			};
			name = Debug;
		};
		D3BBF6982A81D6010009E70D /* Release */ = {
			isa = XCBuildConfiguration;
			buildSettings = {
				ASSETCATALOG_COMPILER_APPICON_NAME = AppIcon;
				ASSETCATALOG_COMPILER_GLOBAL_ACCENT_COLOR_NAME = AccentColor;
				CODE_SIGN_STYLE = Automatic;
				CURRENT_PROJECT_VERSION = 1;
				DEVELOPMENT_ASSET_PATHS = "\"MyMap/Preview Content\"";
				DEVELOPMENT_TEAM = Z78Z73CWZJ;
				ENABLE_PREVIEWS = YES;
				GENERATE_INFOPLIST_FILE = YES;
				INFOPLIST_KEY_UIApplicationSceneManifest_Generation = YES;
				INFOPLIST_KEY_UIApplicationSupportsIndirectInputEvents = YES;
				INFOPLIST_KEY_UILaunchScreen_Generation = YES;
				INFOPLIST_KEY_UISupportedInterfaceOrientations_iPad = "UIInterfaceOrientationPortrait UIInterfaceOrientationPortraitUpsideDown UIInterfaceOrientationLandscapeLeft UIInterfaceOrientationLandscapeRight";
				INFOPLIST_KEY_UISupportedInterfaceOrientations_iPhone = "UIInterfaceOrientationPortrait UIInterfaceOrientationLandscapeLeft UIInterfaceOrientationLandscapeRight";
				LD_RUNPATH_SEARCH_PATHS = (
					"$(inherited)",
					"@executable_path/Frameworks",
				);
				MARKETING_VERSION = 1.0;
				PRODUCT_BUNDLE_IDENTIFIER = com.timchi.MyMap;
				PRODUCT_NAME = "$(TARGET_NAME)";
				SWIFT_EMIT_LOC_STRINGS = YES;
				SWIFT_VERSION = 5.0;
				TARGETED_DEVICE_FAMILY = "1,2";
			};
			name = Release;
		};
/* End XCBuildConfiguration section */

/* Begin XCConfigurationList section */
		D3BBF6832A81D5FF0009E70D /* Build configuration list for PBXProject "MyMap" */ = {
			isa = XCConfigurationList;
			buildConfigurations = (
				D3BBF6942A81D6010009E70D /* Debug */,
				D3BBF6952A81D6010009E70D /* Release */,
			);
			defaultConfigurationIsVisible = 0;
			defaultConfigurationName = Release;
		};
		D3BBF6962A81D6010009E70D /* Build configuration list for PBXNativeTarget "MyMap" */ = {
			isa = XCConfigurationList;
			buildConfigurations = (
				D3BBF6972A81D6010009E70D /* Debug */,
				D3BBF6982A81D6010009E70D /* Release */,
			);
			defaultConfigurationIsVisible = 0;
			defaultConfigurationName = Release;
		};
/* End XCConfigurationList section */
	};
	rootObject = D3BBF6802A81D5FF0009E70D /* Project object */;
}
